
Microsoft Visual Studio Solution File, Format Version 12.00
# Visual Studio Version 16
VisualStudioVersion = 16.0.30128.74
MinimumVisualStudioVersion = 10.0.40219.1
Project("{FAE04EC0-301F-11D3-BF4B-00C04F79EFBC}") = "SportFishingContest", "SportFishingContest\SportFishingContest.csproj", "{C7EBC0B7-70CA-4C35-9110-DB044BDD6331}"
EndProject
Global
	GlobalSection(SolutionConfigurationPlatforms) = preSolution
		Debug|Any CPU = Debug|Any CPU
		Release|Any CPU = Release|Any CPU
	EndGlobalSection
	GlobalSection(ProjectConfigurationPlatforms) = postSolution
		{C7EBC0B7-70CA-4C35-9110-DB044BDD6331}.Debug|Any CPU.ActiveCfg = Debug|Any CPU
		{C7EBC0B7-70CA-4C35-9110-DB044BDD6331}.Debug|Any CPU.Build.0 = Debug|Any CPU
		{C7EBC0B7-70CA-4C35-9110-DB044BDD6331}.Release|Any CPU.ActiveCfg = Release|Any CPU
		{C7EBC0B7-70CA-4C35-9110-DB044BDD6331}.Release|Any CPU.Build.0 = Release|Any CPU
	EndGlobalSection
	GlobalSection(SolutionProperties) = preSolution
		HideSolutionNode = FALSE
	EndGlobalSection
	GlobalSection(ExtensibilityGlobals) = postSolution
		SolutionGuid = {3FC476D7-A470-4626-9FF8-866AA469908D}
	EndGlobalSection
EndGlobal
